github.com/franela/goblin v0.0.0-20200404164657-567a4070c437/go.mod h1:VzmDKDJVZI3aJmnRI9VjAn9nJ8qPPsN1fqzr9dqInIo=
github.com/franela/goblin v0.0.0-20211003143422-0a4f594942bf h1:NrF81UtW8gG2LBGkXFQFqlfNnvMt9WdB46sfdJY4oqc=
github.com/franela/goblin v0.0.0-20211003143422-0a4f594942bf/go.mod h1:VzmDKDJVZI3aJmnRI9VjAn9nJ8qPPsN1fqzr9dqInIo=
github.com/intdxdt/algor v1.0.0 h1:aVpCimTwMyDH41+p+NgW3XakhU7wWgh+cgS4NBpLaGg=
github.com/intdxdt/algor v1.0.0/go.mod h1:PIm6sS+6rDWqimY6PM927RQqqES5nM/JwWidPPn6h0s=
github.com/intdxdt/cmp v1.0.0 h1:/maS8/ggnklxBmK5BSyB58HumjS5VtCJiM2K2SMvc0c=
github.com/intdxdt/cmp v1.0.0/go.mod h1:6dawtInL7ZFFaHJmE7Puj7b9qfPGUxYd81jqo3z9wJw=
github.com/intdxdt/dbits v0.0.0-20171026062838-f7e9caad92f4/go.mod h1:GLKbRshq9XwOsyiyfx2vRXbKAeDBwo8uNb6pLPDipr4=
github.com/intdxdt/dbits v1.0.0/go.mod h1:qWY/+f1r0hePqFtMvbb1UnM5qWb5ppGmi+2XgJ1VWVQ=
github.com/intdxdt/math v1.0.0 h1:zjwziZDSJwuxg6gTY12U2cDoZpAt3sFlpbJzFMaD4qk=
github.com/intdxdt/math v1.0.0/go.mod h1:/iQnUD7sXRLoOziKeJ628KqhSF3GQi7HdQ3LsbgiKpk=
github.com/intdxdt/math v1.1.0 h1:xY91Vn4O+BQHpRvL/9bRB5uTzx2AiZuSvmX7dEZFfKw=
github.com/intdxdt/math v1.1.0/go.mod h1:bahlwnDeXJatMqSX8f6VUEG+3kUoZC1G9RqhJ6+DI0Q=
github.com/intdxdt/robust v1.0.0 h1:x5pNk5s7wF4I2s60zM57XSatrK7QXagOctFjmahrsUU=
github.com/intdxdt/robust v1.0.0/go.mod h1:uIGXMmYcuFItUjeG37oxt0x7RFXdL4MEfXP4uVstLZ0=
github.com/intdxdt/robust v1.0.1 h1:WyyYY3C011oBAYFzBQodY+edhJTalSTrGQIEL+fZgFk=
github.com/intdxdt/robust v1.0.1/go.mod h1:vfmLO6zLX5kmDeZpZ1RwShtncYZszKySQVk8aOdaNOk=
github.com/intdxdt/twiddle v0.0.0-20180605015803-8a5d3aeb2e67/go.mod h1:aos2CXzSXDP82nQmZbxyi3w7TAdnhNZ2kLRm3pI5SjI=
github.com/intdxdt/twiddle v1.0.0/go.mod h1:SOM5zV/wCJBghQXBBoOEqP7r6EqhVqs8E0ohktuN4qo=
golang.org/x/exp v0.0.0-20230728194245-b0cb94b80691 h1:/yRP+0AN7mf5DkD3BAI6TOFnd51gEoDEb8o35jIFtgw=
golang.org/x/exp v0.0.0-20230728194245-b0cb94b80691/go.mod h1:FXUEEKJgO7OQYeo8N01OfiKP8RXMtf6e8aTskBGqWdc=
